
Microsoft Visual Studio Solution File, Format Version 12.00
# Visual Studio 2015
Project("{FAE04EC0-301F-11D3-BF4B-00C04F79EFBC}") = "CarSimulator", "CarSimulator.csproj", "{F05AAC20-2716-7A01-1605-394E7E292271}"
EndProject
Project("{FAE04EC0-301F-11D3-BF4B-00C04F79EFBC}") = "CarSimulator.Editor", "CarSimulator.Editor.csproj", "{F6F7185C-7C4C-4022-03E1-2457A0AF705C}"
EndProject
Global
	GlobalSection(SolutionConfigurationPlatforms) = preSolution
		Debug|Any CPU = Debug|Any CPU
		Release|Any CPU = Release|Any CPU
	EndGlobalSection
	GlobalSection(ProjectConfigurationPlatforms) = postSolution
		{F05AAC20-2716-7A01-1605-394E7E292271}.Debug|Any CPU.ActiveCfg = Debug|Any CPU
		{F05AAC20-2716-7A01-1605-394E7E292271}.Debug|Any CPU.Build.0 = Debug|Any CPU
		{F05AAC20-2716-7A01-1605-394E7E292271}.Release|Any CPU.ActiveCfg = Release|Any CPU
		{F05AAC20-2716-7A01-1605-394E7E292271}.Release|Any CPU.Build.0 = Release|Any CPU
		{F6F7185C-7C4C-4022-03E1-2457A0AF705C}.Debug|Any CPU.ActiveCfg = Debug|Any CPU
		{F6F7185C-7C4C-4022-03E1-2457A0AF705C}.Debug|Any CPU.Build.0 = Debug|Any CPU
		{F6F7185C-7C4C-4022-03E1-2457A0AF705C}.Release|Any CPU.ActiveCfg = Release|Any CPU
		{F6F7185C-7C4C-4022-03E1-2457A0AF705C}.Release|Any CPU.Build.0 = Release|Any CPU
	EndGlobalSection
	GlobalSection(SolutionProperties) = preSolution
		HideSolutionNode = FALSE
	EndGlobalSection
EndGlobal
