
Microsoft Visual Studio Solution File, Format Version 12.00
# Visual Studio 2015
Project("{FAE04EC0-301F-11D3-BF4B-00C04F79EFBC}") = "DrivingSimulator", "DrivingSimulator.csproj", "{C7F944FC-37C2-5457-72A9-333A92318BE5}"
EndProject
Project("{FAE04EC0-301F-11D3-BF4B-00C04F79EFBC}") = "DrivingSimulator.Editor", "DrivingSimulator.Editor.csproj", "{31D59996-EEE9-35B0-7437-7FD645864DF0}"
EndProject
Global
	GlobalSection(SolutionConfigurationPlatforms) = preSolution
		Debug|Any CPU = Debug|Any CPU
		Release|Any CPU = Release|Any CPU
	EndGlobalSection
	GlobalSection(ProjectConfigurationPlatforms) = postSolution
		{C7F944FC-37C2-5457-72A9-333A92318BE5}.Debug|Any CPU.ActiveCfg = Debug|Any CPU
		{C7F944FC-37C2-5457-72A9-333A92318BE5}.Debug|Any CPU.Build.0 = Debug|Any CPU
		{C7F944FC-37C2-5457-72A9-333A92318BE5}.Release|Any CPU.ActiveCfg = Release|Any CPU
		{C7F944FC-37C2-5457-72A9-333A92318BE5}.Release|Any CPU.Build.0 = Release|Any CPU
		{31D59996-EEE9-35B0-7437-7FD645864DF0}.Debug|Any CPU.ActiveCfg = Debug|Any CPU
		{31D59996-EEE9-35B0-7437-7FD645864DF0}.Debug|Any CPU.Build.0 = Debug|Any CPU
		{31D59996-EEE9-35B0-7437-7FD645864DF0}.Release|Any CPU.ActiveCfg = Release|Any CPU
		{31D59996-EEE9-35B0-7437-7FD645864DF0}.Release|Any CPU.Build.0 = Release|Any CPU
	EndGlobalSection
	GlobalSection(SolutionProperties) = preSolution
		HideSolutionNode = FALSE
	EndGlobalSection
EndGlobal
